{
  "name": "sandbox",
  "version": "1.0.0",
  "lockfileVersion": 1,
  "requires": true,
  "dependencies": {
    "@feathersjs/commons": {
      "version": "1.4.4",
      "resolved": "https://registry.npmjs.org/@feathersjs/commons/-/commons-1.4.4.tgz",
      "integrity": "sha512-ZPpzyZA3CPfoa9AuFv3BJUI/ubzaaXixp8T/pqeMFPT6DOaU/6oF7lz1RxwimzfJNna4gy/HByt0EoLSI3BKWg=="
    },
    "@feathersjs/errors": {
      "version": "3.3.0",
      "resolved": "https://registry.npmjs.org/@feathersjs/errors/-/errors-3.3.0.tgz",
      "integrity": "sha512-9oYAhAj4CKIix5KITRDEzvyNJNIaqNde5lGqmrQLw4pTuyWMvx9tgBhtXPA0l8lS1KnMKw4Qf1gHo6aKrM+OyQ==",
      "requires": {
        "debug": "^3.1.0"
      }
    },
    "@feathersjs/rest-client": {
      "version": "1.4.1",
      "resolved": "https://registry.npmjs.org/@feathersjs/rest-client/-/rest-client-1.4.1.tgz",
      "integrity": "sha512-DoeZdh/O+7Pi2HccwupWT9ctOIWQM9Zn+a0jXrNFPGwo5LqOQIi04rqfzZjQ04oFY3CcfZZdxwdBlTwZhPuusA==",
      "requires": {
        "@feathersjs/commons": "^1.2.0",
        "@feathersjs/errors": "^3.0.0",
        "qs": "^6.5.0"
      }
    },
    "axios": {
      "version": "0.18.0",
      "resolved": "https://registry.npmjs.org/axios/-/axios-0.18.0.tgz",
      "integrity": "sha1-MtU+SFHv3AoRmTts0AB4nXDAUQI=",
      "requires": {
        "follow-redirects": "^1.3.0",
        "is-buffer": "^1.1.5"
      }
    },
    "debug": {
      "version": "3.1.0",
      "resolved": "https://registry.npmjs.org/debug/-/debug-3.1.0.tgz",
      "integrity": "sha512-OX8XqP7/1a9cqkxYw2yXss15f26NKWBpDXQd0/uK/KPqdQhxbPa994hnzjcE2VqQpDslf55723cKPUOGSmMY3g==",
      "requires": {
        "ms": "2.0.0"
      }
    },
    "follow-redirects": {
      "version": "1.5.7",
      "resolved": "https://registry.npmjs.org/follow-redirects/-/follow-redirects-1.5.7.tgz",
      "integrity": "sha512-NONJVIFiX7Z8k2WxfqBjtwqMifx7X42ORLFrOZ2LTKGj71G3C0kfdyTqGqr8fx5zSX6Foo/D95dgGWbPUiwnew==",
      "requires": {
        "debug": "^3.1.0"
      }
    },
    "is-buffer": {
      "version": "1.1.6",
      "resolved": "https://registry.npmjs.org/is-buffer/-/is-buffer-1.1.6.tgz",
      "integrity": "sha512-NcdALwpXkTm5Zvvbk7owOUSvVvBKDgKP5/ewfXEznmQFfs4ZRmanOeKBTjRVjka3QFoN6XJ+9F3USqfHqTaU5w=="
    },
    "ms": {
      "version": "2.0.0",
      "resolved": "https://registry.npmjs.org/ms/-/ms-2.0.0.tgz",
      "integrity": "sha1-VgiurfwAvmwpAd9fmGF4jeDVl8g="
    },
    "qs": {
      "version": "6.5.2",
      "resolved": "https://registry.npmjs.org/qs/-/qs-6.5.2.tgz",
      "integrity": "sha512-N5ZAX4/LxJmF+7wN74pUD6qAh9/wnvdQcjq9TZjevvXzSUo7bfmw91saqMjzGS2xq91/odN2dW/WOl7qQHNDGA=="
    }
  }
}
